
Microsoft Visual Studio Solution File, Format Version 12.00
# Visual Studio Version 16
VisualStudioVersion = 16.0.31515.178
MinimumVisualStudioVersion = 10.0.40219.1
Project("{FAE04EC0-301F-11D3-BF4B-00C04F79EFBC}") = "ChangeFeedApp1", "ChangeFeedApp1\ChangeFeedApp1.csproj", "{7357586A-2ACE-4ABD-AF75-D47C28C41B2B}"
EndProject
Global
	GlobalSection(SolutionConfigurationPlatforms) = preSolution
		Debug|Any CPU = Debug|Any CPU
		Release|Any CPU = Release|Any CPU
	EndGlobalSection
	GlobalSection(ProjectConfigurationPlatforms) = postSolution
		{7357586A-2ACE-4ABD-AF75-D47C28C41B2B}.Debug|Any CPU.ActiveCfg = Debug|Any CPU
		{7357586A-2ACE-4ABD-AF75-D47C28C41B2B}.Debug|Any CPU.Build.0 = Debug|Any CPU
		{7357586A-2ACE-4ABD-AF75-D47C28C41B2B}.Release|Any CPU.ActiveCfg = Release|Any CPU
		{7357586A-2ACE-4ABD-AF75-D47C28C41B2B}.Release|Any CPU.Build.0 = Release|Any CPU
	EndGlobalSection
	GlobalSection(SolutionProperties) = preSolution
		HideSolutionNode = FALSE
	EndGlobalSection
	GlobalSection(ExtensibilityGlobals) = postSolution
		SolutionGuid = {422C26B3-BC66-438B-8CA1-15B07B179184}
	EndGlobalSection
EndGlobal
