
Microsoft Visual Studio Solution File, Format Version 12.00
# Visual Studio Version 16
VisualStudioVersion = 16.0.31624.102
MinimumVisualStudioVersion = 10.0.40219.1
Project("{FAE04EC0-301F-11D3-BF4B-00C04F79EFBC}") = "BlobDownloadConsoleApp1", "BlobDownloadConsoleApp1\BlobDownloadConsoleApp1.csproj", "{44FA0120-A6DB-4027-9B64-0E1AD6616A1B}"
EndProject
Global
	GlobalSection(SolutionConfigurationPlatforms) = preSolution
		Debug|Any CPU = Debug|Any CPU
		Release|Any CPU = Release|Any CPU
	EndGlobalSection
	GlobalSection(ProjectConfigurationPlatforms) = postSolution
		{44FA0120-A6DB-4027-9B64-0E1AD6616A1B}.Debug|Any CPU.ActiveCfg = Debug|Any CPU
		{44FA0120-A6DB-4027-9B64-0E1AD6616A1B}.Debug|Any CPU.Build.0 = Debug|Any CPU
		{44FA0120-A6DB-4027-9B64-0E1AD6616A1B}.Release|Any CPU.ActiveCfg = Release|Any CPU
		{44FA0120-A6DB-4027-9B64-0E1AD6616A1B}.Release|Any CPU.Build.0 = Release|Any CPU
	EndGlobalSection
	GlobalSection(SolutionProperties) = preSolution
		HideSolutionNode = FALSE
	EndGlobalSection
	GlobalSection(ExtensibilityGlobals) = postSolution
		SolutionGuid = {F2F39F16-B7F5-428E-A614-6F250DF288E0}
	EndGlobalSection
EndGlobal
