
Microsoft Visual Studio Solution File, Format Version 12.00
# Visual Studio Version 16
VisualStudioVersion = 16.0.31515.178
MinimumVisualStudioVersion = 10.0.40219.1
Project("{FAE04EC0-301F-11D3-BF4B-00C04F79EFBC}") = "AzureStorageAccountFunctionapp1", "AzureStorageAccountFunctionapp1\AzureStorageAccountFunctionapp1.csproj", "{2ABA1B10-EA3C-4D06-BB0B-A1F4CC269320}"
EndProject
Global
	GlobalSection(SolutionConfigurationPlatforms) = preSolution
		Debug|Any CPU = Debug|Any CPU
		Release|Any CPU = Release|Any CPU
	EndGlobalSection
	GlobalSection(ProjectConfigurationPlatforms) = postSolution
		{2ABA1B10-EA3C-4D06-BB0B-A1F4CC269320}.Debug|Any CPU.ActiveCfg = Debug|Any CPU
		{2ABA1B10-EA3C-4D06-BB0B-A1F4CC269320}.Debug|Any CPU.Build.0 = Debug|Any CPU
		{2ABA1B10-EA3C-4D06-BB0B-A1F4CC269320}.Release|Any CPU.ActiveCfg = Release|Any CPU
		{2ABA1B10-EA3C-4D06-BB0B-A1F4CC269320}.Release|Any CPU.Build.0 = Release|Any CPU
	EndGlobalSection
	GlobalSection(SolutionProperties) = preSolution
		HideSolutionNode = FALSE
	EndGlobalSection
	GlobalSection(ExtensibilityGlobals) = postSolution
		SolutionGuid = {BCDBE20C-2E87-4995-AEDF-75A65487485B}
	EndGlobalSection
EndGlobal
