
Microsoft Visual Studio Solution File, Format Version 12.00
# Visual Studio Version 16
VisualStudioVersion = 16.0.31515.178
MinimumVisualStudioVersion = 10.0.40219.1
Project("{FAE04EC0-301F-11D3-BF4B-00C04F79EFBC}") = "Az-204FunctionApp2", "Az-204FunctionApp2\Az-204FunctionApp2.csproj", "{AB535B9F-FBC8-46DA-A75C-17502515ABDB}"
EndProject
Global
	GlobalSection(SolutionConfigurationPlatforms) = preSolution
		Debug|Any CPU = Debug|Any CPU
		Release|Any CPU = Release|Any CPU
	EndGlobalSection
	GlobalSection(ProjectConfigurationPlatforms) = postSolution
		{AB535B9F-FBC8-46DA-A75C-17502515ABDB}.Debug|Any CPU.ActiveCfg = Debug|Any CPU
		{AB535B9F-FBC8-46DA-A75C-17502515ABDB}.Debug|Any CPU.Build.0 = Debug|Any CPU
		{AB535B9F-FBC8-46DA-A75C-17502515ABDB}.Release|Any CPU.ActiveCfg = Release|Any CPU
		{AB535B9F-FBC8-46DA-A75C-17502515ABDB}.Release|Any CPU.Build.0 = Release|Any CPU
	EndGlobalSection
	GlobalSection(SolutionProperties) = preSolution
		HideSolutionNode = FALSE
	EndGlobalSection
	GlobalSection(ExtensibilityGlobals) = postSolution
		SolutionGuid = {BB8BFEC4-81F3-48D2-9E1C-FC61E64FE4FC}
	EndGlobalSection
EndGlobal
